
Microsoft Visual Studio Solution File, Format Version 12.00
# Visual Studio Version 17
VisualStudioVersion = 17.11.35222.181
MinimumVisualStudioVersion = 10.0.40219.1
Project("{9A19103F-16F7-4668-BE54-9A1E7A4F7556}") = "DONGHO", "DONGHO.csproj", "{7EEDD642-377D-4929-B08B-44ABC83FA3C5}"
EndProject
Project("{FAE04EC0-301F-11D3-BF4B-00C04F79EFBC}") = "DAL", "..\DAL\DAL.csproj", "{0DA97AC7-F1B7-403A-A23E-E1B87D38414C}"
EndProject
Project("{FAE04EC0-301F-11D3-BF4B-00C04F79EFBC}") = "DTO", "..\DTO\DTO.csproj", "{9B6A7CDD-1E75-487F-B2FE-1EF137ACD343}"
EndProject
Project("{FAE04EC0-301F-11D3-BF4B-00C04F79EFBC}") = "BLL", "..\BLL\BLL.csproj", "{788AA9E5-17AA-4FA0-917B-F4F4F3629594}"
EndProject
Global
	GlobalSection(SolutionConfigurationPlatforms) = preSolution
		Debug|Any CPU = Debug|Any CPU
		Release|Any CPU = Release|Any CPU
	EndGlobalSection
	GlobalSection(ProjectConfigurationPlatforms) = postSolution
		{7EEDD642-377D-4929-B08B-44ABC83FA3C5}.Debug|Any CPU.ActiveCfg = Debug|Any CPU
		{7EEDD642-377D-4929-B08B-44ABC83FA3C5}.Debug|Any CPU.Build.0 = Debug|Any CPU
		{7EEDD642-377D-4929-B08B-44ABC83FA3C5}.Release|Any CPU.ActiveCfg = Release|Any CPU
		{7EEDD642-377D-4929-B08B-44ABC83FA3C5}.Release|Any CPU.Build.0 = Release|Any CPU
		{0DA97AC7-F1B7-403A-A23E-E1B87D38414C}.Debug|Any CPU.ActiveCfg = Debug|Any CPU
		{0DA97AC7-F1B7-403A-A23E-E1B87D38414C}.Debug|Any CPU.Build.0 = Debug|Any CPU
		{0DA97AC7-F1B7-403A-A23E-E1B87D38414C}.Release|Any CPU.ActiveCfg = Release|Any CPU
		{0DA97AC7-F1B7-403A-A23E-E1B87D38414C}.Release|Any CPU.Build.0 = Release|Any CPU
		{9B6A7CDD-1E75-487F-B2FE-1EF137ACD343}.Debug|Any CPU.ActiveCfg = Debug|Any CPU
		{9B6A7CDD-1E75-487F-B2FE-1EF137ACD343}.Debug|Any CPU.Build.0 = Debug|Any CPU
		{9B6A7CDD-1E75-487F-B2FE-1EF137ACD343}.Release|Any CPU.ActiveCfg = Release|Any CPU
		{9B6A7CDD-1E75-487F-B2FE-1EF137ACD343}.Release|Any CPU.Build.0 = Release|Any CPU
		{788AA9E5-17AA-4FA0-917B-F4F4F3629594}.Debug|Any CPU.ActiveCfg = Debug|Any CPU
		{788AA9E5-17AA-4FA0-917B-F4F4F3629594}.Debug|Any CPU.Build.0 = Debug|Any CPU
		{788AA9E5-17AA-4FA0-917B-F4F4F3629594}.Release|Any CPU.ActiveCfg = Release|Any CPU
		{788AA9E5-17AA-4FA0-917B-F4F4F3629594}.Release|Any CPU.Build.0 = Release|Any CPU
	EndGlobalSection
	GlobalSection(SolutionProperties) = preSolution
		HideSolutionNode = FALSE
	EndGlobalSection
	GlobalSection(ExtensibilityGlobals) = postSolution
		SolutionGuid = {1CBB2067-1036-4DD8-A85A-16956E87CEF9}
	EndGlobalSection
EndGlobal
